
Microsoft Visual Studio Solution File, Format Version 12.00
# Visual Studio Version 17
VisualStudioVersion = 17.14.36127.28 d17.14
MinimumVisualStudioVersion = 10.0.40219.1
Project("{FAE04EC0-301F-11D3-BF4B-00C04F79EFBC}") = "PI_Projekt", "PI_Projekt\PI_Projekt.csproj", "{57DF78F6-234C-4973-959B-C96B2C24F108}"
EndProject
Global
	GlobalSection(SolutionConfigurationPlatforms) = preSolution
		Debug|Any CPU = Debug|Any CPU
		Release|Any CPU = Release|Any CPU
	EndGlobalSection
	GlobalSection(ProjectConfigurationPlatforms) = postSolution
		{57DF78F6-234C-4973-959B-C96B2C24F108}.Debug|Any CPU.ActiveCfg = Debug|Any CPU
		{57DF78F6-234C-4973-959B-C96B2C24F108}.Debug|Any CPU.Build.0 = Debug|Any CPU
		{57DF78F6-234C-4973-959B-C96B2C24F108}.Release|Any CPU.ActiveCfg = Release|Any CPU
		{57DF78F6-234C-4973-959B-C96B2C24F108}.Release|Any CPU.Build.0 = Release|Any CPU
	EndGlobalSection
	GlobalSection(SolutionProperties) = preSolution
		HideSolutionNode = FALSE
	EndGlobalSection
	GlobalSection(ExtensibilityGlobals) = postSolution
		SolutionGuid = {980475C7-E6D9-438B-8EDD-40A501EAEBB9}
	EndGlobalSection
EndGlobal
